
Microsoft Visual Studio Solution File, Format Version 12.00
# Visual Studio 15
VisualStudioVersion = 15.0.27703.2047
MinimumVisualStudioVersion = 10.0.40219.1
Project("{8BC9CEB8-8B4A-11D0-8D11-00A0C91BC942}") = "mathlib", "mathlib\mathlib.vcxproj", "{C5D4925B-EF13-4C23-8DEB-DE68A6BB9586}"
EndProject
Project("{8BC9CEB8-8B4A-11D0-8D11-00A0C91BC942}") = "unittest", "unittest\unittest.vcxproj", "{ADA77831-6547-4706-8046-8549F247DB80}"
	ProjectSection(ProjectDependencies) = postProject
		{C5D4925B-EF13-4C23-8DEB-DE68A6BB9586} = {C5D4925B-EF13-4C23-8DEB-DE68A6BB9586}
	EndProjectSection
EndProject
Project("{8BC9CEB8-8B4A-11D0-8D11-00A0C91BC942}") = "raylib", "raylib\raylib.vcxproj", "{37EAB302-AFA0-4C31-9010-ACD10A7AC7DC}"
	ProjectSection(ProjectDependencies) = postProject
		{C5D4925B-EF13-4C23-8DEB-DE68A6BB9586} = {C5D4925B-EF13-4C23-8DEB-DE68A6BB9586}
	EndProjectSection
EndProject
Global
	GlobalSection(SolutionConfigurationPlatforms) = preSolution
		Debug|x64 = Debug|x64
		Debug|x86 = Debug|x86
		Release|x64 = Release|x64
		Release|x86 = Release|x86
	EndGlobalSection
	GlobalSection(ProjectConfigurationPlatforms) = postSolution
		{C5D4925B-EF13-4C23-8DEB-DE68A6BB9586}.Debug|x64.ActiveCfg = Debug|x64
		{C5D4925B-EF13-4C23-8DEB-DE68A6BB9586}.Debug|x64.Build.0 = Debug|x64
		{C5D4925B-EF13-4C23-8DEB-DE68A6BB9586}.Debug|x86.ActiveCfg = Debug|Win32
		{C5D4925B-EF13-4C23-8DEB-DE68A6BB9586}.Debug|x86.Build.0 = Debug|Win32
		{C5D4925B-EF13-4C23-8DEB-DE68A6BB9586}.Release|x64.ActiveCfg = Release|x64
		{C5D4925B-EF13-4C23-8DEB-DE68A6BB9586}.Release|x64.Build.0 = Release|x64
		{C5D4925B-EF13-4C23-8DEB-DE68A6BB9586}.Release|x86.ActiveCfg = Release|Win32
		{C5D4925B-EF13-4C23-8DEB-DE68A6BB9586}.Release|x86.Build.0 = Release|Win32
		{ADA77831-6547-4706-8046-8549F247DB80}.Debug|x64.ActiveCfg = Debug|x64
		{ADA77831-6547-4706-8046-8549F247DB80}.Debug|x64.Build.0 = Debug|x64
		{ADA77831-6547-4706-8046-8549F247DB80}.Debug|x86.ActiveCfg = Debug|Win32
		{ADA77831-6547-4706-8046-8549F247DB80}.Debug|x86.Build.0 = Debug|Win32
		{ADA77831-6547-4706-8046-8549F247DB80}.Release|x64.ActiveCfg = Release|x64
		{ADA77831-6547-4706-8046-8549F247DB80}.Release|x64.Build.0 = Release|x64
		{ADA77831-6547-4706-8046-8549F247DB80}.Release|x86.ActiveCfg = Release|Win32
		{ADA77831-6547-4706-8046-8549F247DB80}.Release|x86.Build.0 = Release|Win32
		{37EAB302-AFA0-4C31-9010-ACD10A7AC7DC}.Debug|x64.ActiveCfg = Debug|x64
		{37EAB302-AFA0-4C31-9010-ACD10A7AC7DC}.Debug|x64.Build.0 = Debug|x64
		{37EAB302-AFA0-4C31-9010-ACD10A7AC7DC}.Debug|x86.ActiveCfg = Debug|Win32
		{37EAB302-AFA0-4C31-9010-ACD10A7AC7DC}.Debug|x86.Build.0 = Debug|Win32
		{37EAB302-AFA0-4C31-9010-ACD10A7AC7DC}.Release|x64.ActiveCfg = Release|x64
		{37EAB302-AFA0-4C31-9010-ACD10A7AC7DC}.Release|x64.Build.0 = Release|x64
		{37EAB302-AFA0-4C31-9010-ACD10A7AC7DC}.Release|x86.ActiveCfg = Release|Win32
		{37EAB302-AFA0-4C31-9010-ACD10A7AC7DC}.Release|x86.Build.0 = Release|Win32
	EndGlobalSection
	GlobalSection(SolutionProperties) = preSolution
		HideSolutionNode = FALSE
	EndGlobalSection
	GlobalSection(ExtensibilityGlobals) = postSolution
		SolutionGuid = {4C3E8C1F-AE33-4935-B6CC-26774B5E5C7C}
	EndGlobalSection
EndGlobal
